
Microsoft Visual Studio Solution File, Format Version 12.00
# Visual Studio 15
VisualStudioVersion = 15.0.28307.572
MinimumVisualStudioVersion = 10.0.40219.1
Project("{FAE04EC0-301F-11D3-BF4B-00C04F79EFBC}") = "OnshoreSDAttendanceTrackerNet", "OnshoreSDAttendanceTrackerNet\OnshoreSDAttendanceTrackerNet.csproj", "{6C91CC3D-3C2E-4560-91F4-A5A429C366B8}"
EndProject
Project("{FAE04EC0-301F-11D3-BF4B-00C04F79EFBC}") = "OnshoreSDAttendanceTrackerNet.Tests", "OnshoreSDAttendanceTrackerNet.Tests\OnshoreSDAttendanceTrackerNet.Tests.csproj", "{2A0D15C4-B1FB-4487-B786-E1FD78059018}"
EndProject
Project("{2150E333-8FDC-42A3-9474-1A3956D46DE8}") = "SQL", "SQL", "{5E0F964B-FE38-416F-93B2-B1975E04DB41}"
	ProjectSection(SolutionItems) = preProject
		AbsenceType.sql = AbsenceType.sql
		ExceptionLogging.sql = ExceptionLogging.sql
		InsertRoles.sql = InsertRoles.sql
		NavigationMenu.sql = NavigationMenu.sql
		OnshoreSDAttendanceTrackerDataAndSchemaV1.sql = OnshoreSDAttendanceTrackerDataAndSchemaV1.sql
		PointBank.sql = PointBank.sql
		Role.sql = Role.sql
		Team.sql = Team.sql
		TeamManagement.sql = TeamManagement.sql
		User.sql = User.sql
		UserCredentials.sql = UserCredentials.sql
	EndProjectSection
EndProject
Global
	GlobalSection(SolutionConfigurationPlatforms) = preSolution
		Debug|Any CPU = Debug|Any CPU
		Release|Any CPU = Release|Any CPU
	EndGlobalSection
	GlobalSection(ProjectConfigurationPlatforms) = postSolution
		{6C91CC3D-3C2E-4560-91F4-A5A429C366B8}.Debug|Any CPU.ActiveCfg = Debug|Any CPU
		{6C91CC3D-3C2E-4560-91F4-A5A429C366B8}.Debug|Any CPU.Build.0 = Debug|Any CPU
		{6C91CC3D-3C2E-4560-91F4-A5A429C366B8}.Release|Any CPU.ActiveCfg = Release|Any CPU
		{6C91CC3D-3C2E-4560-91F4-A5A429C366B8}.Release|Any CPU.Build.0 = Release|Any CPU
		{2A0D15C4-B1FB-4487-B786-E1FD78059018}.Debug|Any CPU.ActiveCfg = Debug|Any CPU
		{2A0D15C4-B1FB-4487-B786-E1FD78059018}.Debug|Any CPU.Build.0 = Debug|Any CPU
		{2A0D15C4-B1FB-4487-B786-E1FD78059018}.Release|Any CPU.ActiveCfg = Release|Any CPU
		{2A0D15C4-B1FB-4487-B786-E1FD78059018}.Release|Any CPU.Build.0 = Release|Any CPU
	EndGlobalSection
	GlobalSection(SolutionProperties) = preSolution
		HideSolutionNode = FALSE
	EndGlobalSection
	GlobalSection(ExtensibilityGlobals) = postSolution
		SolutionGuid = {E776E0C2-9CF8-476A-A969-B6766A9C080C}
	EndGlobalSection
EndGlobal
